{
  "name": "superstarmine-web",
  "lockfileVersion": 2,
  "requires": true,
  "packages": {
    "": {
      "devDependencies": {
        "swiper": "^6.5.3"
      }
    },
    "node_modules/dom7": {
      "version": "3.0.0",
      "dev": true,
      "license": "MIT",
      "dependencies": {
        "ssr-window": "^3.0.0-alpha.1"
      }
    },
    "node_modules/ssr-window": {
      "version": "3.0.0",
      "dev": true,
      "license": "MIT"
    },
    "node_modules/svelte": {
      "version": "3.32.1",
      "dev": true,
      "license": "MIT",
      "peer": true,
      "engines": {
        "node": ">= 8"
      }
    },
    "node_modules/swiper": {
      "version": "6.5.3",
      "dev": true,
      "funding": [
        {
          "type": "patreon",
          "url": "https://www.patreon.com/vladimirkharlampidi"
        },
        {
          "type": "open_collective",
          "url": "http://opencollective.com/swiper"
        }
      ],
      "hasInstallScript": true,
      "license": "MIT",
      "dependencies": {
        "dom7": "^3.0.0",
        "ssr-window": "^3.0.0"
      },
      "engines": {
        "node": ">= 4.7.0"
      },
      "peerDependencies": {
        "svelte": "^3.x"
      }
    }
  },
  "dependencies": {
    "dom7": {
      "version": "3.0.0",
      "dev": true,
      "requires": {
        "ssr-window": "^3.0.0-alpha.1"
      }
    },
    "ssr-window": {
      "version": "3.0.0",
      "dev": true
    },
    "svelte": {
      "version": "3.32.1",
      "dev": true,
      "peer": true
    },
    "swiper": {
      "version": "6.5.3",
      "dev": true,
      "requires": {
        "dom7": "^3.0.0",
        "ssr-window": "^3.0.0"
      }
    }
  }
}
